
Microsoft Visual Studio Solution File, Format Version 12.00
# Visual Studio Version 17
VisualStudioVersion = 17.7.34031.279
MinimumVisualStudioVersion = 10.0.40219.1
Project("{9A19103F-16F7-4668-BE54-9A1E7A4F7556}") = "HandleErrors01", "HandleErrors01.csproj", "{8414405E-1878-4E58-84C1-E21CFF703F2B}"
EndProject
Global
	GlobalSection(SolutionConfigurationPlatforms) = preSolution
		Debug|Any CPU = Debug|Any CPU
		Release|Any CPU = Release|Any CPU
	EndGlobalSection
	GlobalSection(ProjectConfigurationPlatforms) = postSolution
		{8414405E-1878-4E58-84C1-E21CFF703F2B}.Debug|Any CPU.ActiveCfg = Debug|Any CPU
		{8414405E-1878-4E58-84C1-E21CFF703F2B}.Debug|Any CPU.Build.0 = Debug|Any CPU
		{8414405E-1878-4E58-84C1-E21CFF703F2B}.Release|Any CPU.ActiveCfg = Release|Any CPU
		{8414405E-1878-4E58-84C1-E21CFF703F2B}.Release|Any CPU.Build.0 = Release|Any CPU
	EndGlobalSection
	GlobalSection(SolutionProperties) = preSolution
		HideSolutionNode = FALSE
	EndGlobalSection
	GlobalSection(ExtensibilityGlobals) = postSolution
		SolutionGuid = {861B6F1A-7F29-4566-BA94-18C0EEB51DA9}
	EndGlobalSection
EndGlobal
